# THIS IS AN AUTOGENERATED FILE. DO NOT EDIT THIS FILE DIRECTLY.
# yarn lockfile v1


"@atlassian/aui@^8.5.1":
  version "8.5.1"
  resolved "https://registry.yarnpkg.com/@atlassian/aui/-/aui-8.5.1.tgz#6c585674240621a007e59b6ca8c79f45a335738d"
  integrity sha512-u+cWuOTpDyNod5B1SZnDCa57ruad54jQ/4vUd2VGDdp8qqiYLeuEush1deuKejvFFWSS6zd7KhkzmO/m0tm1aw==
  dependencies:
    "@atlassian/brand-logos" "^1.2.0"
    "@atlassian/tipsy" "^1.3.1"
    backbone "^1.3.3"
    css.escape "1.5.0"
    fancy-file-input "~2.0.4"
    jquery-ui "^1.12.1"
    popper.js "^1.14.5"
    skatejs "0.13.17"
    skatejs-template-html "0.0.0"
    trim-extra-html-whitespace "1.3.0"
    underscore "^1.9.1"

"@atlassian/brand-logos@^1.2.0":
  version "1.2.0"
  resolved "https://registry.yarnpkg.com/@atlassian/brand-logos/-/brand-logos-1.2.0.tgz#2110dba6ca49acaf1c51b15420a4567b01b4b4bd"
  integrity sha512-rtTIQqvZO6Tr7+oNWvtED7xMpuE1NQoNF5vA1d+8ym3wTANvgbKxyHK2pj5jTW3dMoEE2Qac8YMebtN46B/mQg==

"@atlassian/tipsy@^1.3.1":
  version "1.3.2"
  resolved "https://registry.yarnpkg.com/@atlassian/tipsy/-/tipsy-1.3.2.tgz#ab759d461670d712425b2dac7573b79575a10502"
  integrity sha512-H7qWMs66bztELt2QpOCLYDU9ZM3VZfE0knbRHHLBukH7v9dMkIS5ZwqcGREjWnVt0KNETaBeXxj0FD88TEOGVw==

backbone@^1.3.3:
  version "1.4.0"
  resolved "https://registry.yarnpkg.com/backbone/-/backbone-1.4.0.tgz#54db4de9df7c3811c3f032f34749a4cd27f3bd12"
  integrity sha512-RLmDrRXkVdouTg38jcgHhyQ/2zjg7a8E6sz2zxfz21Hh17xDJYUHBZimVIt5fUyS8vbfpeSmTL3gUjTEvUV3qQ==
  dependencies:
    underscore ">=1.8.3"

css.escape@1.5.0:
  version "1.5.0"
  resolved "https://registry.yarnpkg.com/css.escape/-/css.escape-1.5.0.tgz#95984d7887ce4ca90684e813966f42d1ef87ecea"
  integrity sha1-lZhNeIfOTKkGhOgTlm9C0e+H7Oo=

fancy-file-input@~2.0.4:
  version "2.0.4"
  resolved "https://registry.yarnpkg.com/fancy-file-input/-/fancy-file-input-2.0.4.tgz#698c216482e07649a827681c4db3054fddc9a32b"
  integrity sha512-l+J0WwDl4nM/zMJ/C8qleYnXMUJKsLng7c5uWH/miAiHoTvPDtEoLW1tmVO6Cy2O8i/1VfA+2YOwg/Q3+kgO6w==

jquery-ui@^1.12.1:
  version "1.12.1"
  resolved "https://registry.yarnpkg.com/jquery-ui/-/jquery-ui-1.12.1.tgz#bcb4045c8dd0539c134bc1488cdd3e768a7a9e51"
  integrity sha1-vLQEXI3QU5wTS8FIjN0+dop6nlE=

jquery@^2.1.0:
  version "2.2.4"
  resolved "https://registry.yarnpkg.com/jquery/-/jquery-2.2.4.tgz#2c89d6889b5eac522a7eea32c14521559c6cbf02"
  integrity sha1-LInWiJterFIqfuoywUUhVZxsvwI=

knockout@^3.5.1:
  version "3.5.1"
  resolved "https://registry.yarnpkg.com/knockout/-/knockout-3.5.1.tgz#62c81e81843bea2008fd23c575edd9ca978e75cf"
  integrity sha512-wRJ9I4az0QcsH7A4v4l0enUpkS++MBx0BnL/68KaLzJg7x1qmbjSlwEoCNol7KTYZ+pmtI7Eh2J0Nu6/2Z5J/Q==

ky@^0.19.0:
  version "0.19.0"
  resolved "https://registry.yarnpkg.com/ky/-/ky-0.19.0.tgz#d6ad117e89efe2d85a1c2e91462d48ca1cda1f7a"
  integrity sha512-RkDgbg5ahMv1MjHfJI2WJA2+Qbxq0iNSLWhreYiCHeHry9Q12sedCnP5KYGPt7sydDvsyH+8UcG6Kanq5mpsyw==

monaco-editor@^0.20.0:
  version "0.20.0"
  resolved "https://registry.yarnpkg.com/monaco-editor/-/monaco-editor-0.20.0.tgz#5d5009343a550124426cb4d965a4d27a348b4dea"
  integrity sha512-hkvf4EtPJRMQlPC3UbMoRs0vTAFAYdzFQ+gpMb8A+9znae1c43q8Mab9iVsgTcg/4PNiLGGn3SlDIa8uvK1FIQ==

plotly.js-dist@^1.52.3:
  version "1.52.3"
  resolved "https://registry.yarnpkg.com/plotly.js-dist/-/plotly.js-dist-1.52.3.tgz#4c16c6da6adab6cdba169087b5005bdddbf10834"
  integrity sha512-kpuNwveRk6M/5cCW1ZgJTbMLD0bRZhJlLK0cUHVkTsP/PWKCVJqO3QiiqrypFGE/xEhWfHCY+YKAKjMmEbo4Gw==

popper.js@^1.14.5:
  version "1.16.1"
  resolved "https://registry.yarnpkg.com/popper.js/-/popper.js-1.16.1.tgz#2a223cb3dc7b6213d740e40372be40de43e65b1b"
  integrity sha512-Wb4p1J4zyFTbM+u6WuO4XstYx4Ky9Cewe4DWrel7B0w6VVICvPwdOpotjzcf6eD8TsckVnIMNONQyPIUFOUbCQ==

requirejs@^2.3.6:
  version "2.3.6"
  resolved "https://registry.yarnpkg.com/requirejs/-/requirejs-2.3.6.tgz#e5093d9601c2829251258c0b9445d4d19fa9e7c9"
  integrity sha512-ipEzlWQe6RK3jkzikgCupiTbTvm4S0/CAU5GlgptkN5SO6F3u0UD0K18wy6ErDqiCyP4J4YYe1HuAShvsxePLg==

skatejs-template-html@0.0.0:
  version "0.0.0"
  resolved "https://registry.yarnpkg.com/skatejs-template-html/-/skatejs-template-html-0.0.0.tgz#e990c1a7d4b58b7305ffcc3338939bf402023df7"
  integrity sha1-6ZDBp9S1i3MF/8wzOJOb9AICPfc=

skatejs@0.13.17:
  version "0.13.17"
  resolved "https://registry.yarnpkg.com/skatejs/-/skatejs-0.13.17.tgz#7a21fbb3434da45e52b47b61647168ee9e778071"
  integrity sha1-eiH7s0NNpF5StHthZHFo7p53gHE=

trim-extra-html-whitespace@1.3.0:
  version "1.3.0"
  resolved "https://registry.yarnpkg.com/trim-extra-html-whitespace/-/trim-extra-html-whitespace-1.3.0.tgz#b47efb0d1a5f2a56a85cc45cea525651e93404cf"
  integrity sha1-tH77DRpfKlaoXMRc6lJWUek0BM8=

umbrellajs@^3.1.0:
  version "3.1.0"
  resolved "https://registry.yarnpkg.com/umbrellajs/-/umbrellajs-3.1.0.tgz#a4e6f0f6381f9d93110b5eee962e0e0864b10bd0"
  integrity sha512-3qichMg1Q6EetLweBAT0L55O2W6CJe9qyiSt1RBnf+bcOqwJ4R7e2PDcoIUrCsg+uRo3DXOvurWdklBu0ia7fg==

underscore@>=1.8.3, underscore@^1.9.1:
  version "1.10.2"
  resolved "https://registry.yarnpkg.com/underscore/-/underscore-1.10.2.tgz#73d6aa3668f3188e4adb0f1943bd12cfd7efaaaf"
  integrity sha512-N4P+Q/BuyuEKFJ43B9gYuOj4TQUHXX+j2FqguVOpjkssLUUrnJofCcBccJSCoeturDoZU6GorDTHSvUDlSQbTg==
