# THIS IS AN AUTOGENERATED FILE. DO NOT EDIT THIS FILE DIRECTLY.
# yarn lockfile v1


"@atlassian/aui@^8.5.1":
  version "8.5.1"
  resolved "https://registry.yarnpkg.com/@atlassian/aui/-/aui-8.5.1.tgz#6c585674240621a007e59b6ca8c79f45a335738d"
  integrity sha512-u+cWuOTpDyNod5B1SZnDCa57ruad54jQ/4vUd2VGDdp8qqiYLeuEush1deuKejvFFWSS6zd7KhkzmO/m0tm1aw==
  dependencies:
    "@atlassian/brand-logos" "^1.2.0"
    "@atlassian/tipsy" "^1.3.1"
    backbone "^1.3.3"
    css.escape "1.5.0"
    fancy-file-input "~2.0.4"
    jquery-ui "^1.12.1"
    popper.js "^1.14.5"
    skatejs "0.13.17"
    skatejs-template-html "0.0.0"
    trim-extra-html-whitespace "1.3.0"
    underscore "^1.9.1"

"@atlassian/brand-logos@^1.2.0":
  version "1.2.0"
  resolved "https://registry.yarnpkg.com/@atlassian/brand-logos/-/brand-logos-1.2.0.tgz#2110dba6ca49acaf1c51b15420a4567b01b4b4bd"
  integrity sha512-rtTIQqvZO6Tr7+oNWvtED7xMpuE1NQoNF5vA1d+8ym3wTANvgbKxyHK2pj5jTW3dMoEE2Qac8YMebtN46B/mQg==

"@atlassian/tipsy@^1.3.1":
  version "1.3.2"
  resolved "https://registry.yarnpkg.com/@atlassian/tipsy/-/tipsy-1.3.2.tgz#ab759d461670d712425b2dac7573b79575a10502"
  integrity sha512-H7qWMs66bztELt2QpOCLYDU9ZM3VZfE0knbRHHLBukH7v9dMkIS5ZwqcGREjWnVt0KNETaBeXxj0FD88TEOGVw==

asap@~2.0.3:
  version "2.0.6"
  resolved "https://registry.yarnpkg.com/asap/-/asap-2.0.6.tgz#e50347611d7e690943208bbdafebcbc2fb866d46"
  integrity sha1-5QNHYR1+aQlDIIu9r+vLwvuGbUY=

backbone@^1.3.3:
  version "1.4.0"
  resolved "https://registry.yarnpkg.com/backbone/-/backbone-1.4.0.tgz#54db4de9df7c3811c3f032f34749a4cd27f3bd12"
  integrity sha512-RLmDrRXkVdouTg38jcgHhyQ/2zjg7a8E6sz2zxfz21Hh17xDJYUHBZimVIt5fUyS8vbfpeSmTL3gUjTEvUV3qQ==
  dependencies:
    underscore ">=1.8.3"

core-js@^1.0.0:
  version "1.2.7"
  resolved "https://registry.yarnpkg.com/core-js/-/core-js-1.2.7.tgz#652294c14651db28fa93bd2d5ff2983a4f08c636"
  integrity sha1-ZSKUwUZR2yj6k70tX/KYOk8IxjY=

create-react-class@^15.7.0:
  version "15.7.0"
  resolved "https://registry.yarnpkg.com/create-react-class/-/create-react-class-15.7.0.tgz#7499d7ca2e69bb51d13faf59bd04f0c65a1d6c1e"
  integrity sha512-QZv4sFWG9S5RUvkTYWbflxeZX+JG7Cz0Tn33rQBJ+WFQTqTfUTjMjiv9tnfXazjsO5r0KhPs+AqCjyrQX6h2ng==
  dependencies:
    loose-envify "^1.3.1"
    object-assign "^4.1.1"

css.escape@1.5.0:
  version "1.5.0"
  resolved "https://registry.yarnpkg.com/css.escape/-/css.escape-1.5.0.tgz#95984d7887ce4ca90684e813966f42d1ef87ecea"
  integrity sha1-lZhNeIfOTKkGhOgTlm9C0e+H7Oo=

encoding@^0.1.11:
  version "0.1.13"
  resolved "https://registry.yarnpkg.com/encoding/-/encoding-0.1.13.tgz#56574afdd791f54a8e9b2785c0582a2d26210fa9"
  integrity sha512-ETBauow1T35Y/WZMkio9jiM0Z5xjHHmJ4XmjZOq1l/dXz3lr2sRn87nJy20RupqSh1F2m3HHPSp8ShIPQJrJ3A==
  dependencies:
    iconv-lite "^0.6.2"

event-lite@^0.1.1:
  version "0.1.2"
  resolved "https://registry.yarnpkg.com/event-lite/-/event-lite-0.1.2.tgz#838a3e0fdddef8cc90f128006c8e55a4e4e4c11b"
  integrity sha512-HnSYx1BsJ87/p6swwzv+2v6B4X+uxUteoDfRxsAb1S1BePzQqOLevVmkdA15GHJVd9A9Ok6wygUR18Hu0YeV9g==

fancy-file-input@~2.0.4:
  version "2.0.4"
  resolved "https://registry.yarnpkg.com/fancy-file-input/-/fancy-file-input-2.0.4.tgz#698c216482e07649a827681c4db3054fddc9a32b"
  integrity sha512-l+J0WwDl4nM/zMJ/C8qleYnXMUJKsLng7c5uWH/miAiHoTvPDtEoLW1tmVO6Cy2O8i/1VfA+2YOwg/Q3+kgO6w==

fbjs@^0.8.0:
  version "0.8.17"
  resolved "https://registry.yarnpkg.com/fbjs/-/fbjs-0.8.17.tgz#c4d598ead6949112653d6588b01a5cdcd9f90fdd"
  integrity sha1-xNWY6taUkRJlPWWIsBpc3Nn5D90=
  dependencies:
    core-js "^1.0.0"
    isomorphic-fetch "^2.1.1"
    loose-envify "^1.0.0"
    object-assign "^4.1.0"
    promise "^7.1.1"
    setimmediate "^1.0.5"
    ua-parser-js "^0.7.18"

iconv-lite@^0.6.2:
  version "0.6.3"
  resolved "https://registry.yarnpkg.com/iconv-lite/-/iconv-lite-0.6.3.tgz#a52f80bf38da1952eb5c681790719871a1a72501"
  integrity sha512-4fCk79wshMdzMp2rH06qWrJE4iolqLhCUH+OiuIgU++RB0+94NlDL81atO7GX55uUKueo0txHNtvEyI6D7WdMw==
  dependencies:
    safer-buffer ">= 2.1.2 < 3.0.0"

ieee754@^1.1.8:
  version "1.2.1"
  resolved "https://registry.yarnpkg.com/ieee754/-/ieee754-1.2.1.tgz#8eb7a10a63fff25d15a57b001586d177d1b0d352"
  integrity sha512-dcyqhDvX1C46lXZcVqCpK+FtMRQVdIMN6/Df5js2zouUsqG7I6sFxitIC+7KYK29KdXOLHdu9zL4sFnoVQnqaA==

int64-buffer@^0.1.9:
  version "0.1.10"
  resolved "https://registry.yarnpkg.com/int64-buffer/-/int64-buffer-0.1.10.tgz#277b228a87d95ad777d07c13832022406a473423"
  integrity sha1-J3siiofZWtd30HwTgyAiQGpHNCM=

is-stream@^1.0.1:
  version "1.1.0"
  resolved "https://registry.yarnpkg.com/is-stream/-/is-stream-1.1.0.tgz#12d4a3dd4e68e0b79ceb8dbc84173ae80d91ca44"
  integrity sha1-EtSj3U5o4Lec6428hBc66A2RykQ=

isarray@^1.0.0:
  version "1.0.0"
  resolved "https://registry.yarnpkg.com/isarray/-/isarray-1.0.0.tgz#bb935d48582cba168c06834957a54a3e07124f11"
  integrity sha1-u5NdSFgsuhaMBoNJV6VKPgcSTxE=

isomorphic-fetch@^2.1.1:
  version "2.2.1"
  resolved "https://registry.yarnpkg.com/isomorphic-fetch/-/isomorphic-fetch-2.2.1.tgz#611ae1acf14f5e81f729507472819fe9733558a9"
  integrity sha1-YRrhrPFPXoH3KVB0coGf6XM1WKk=
  dependencies:
    node-fetch "^1.0.1"
    whatwg-fetch ">=0.10.0"

jquery-ui@^1.12.1:
  version "1.13.2"
  resolved "https://registry.yarnpkg.com/jquery-ui/-/jquery-ui-1.13.2.tgz#de03580ae6604773602f8d786ad1abfb75232034"
  integrity sha512-wBZPnqWs5GaYJmo1Jj0k/mrSkzdQzKDwhXNtHKcBdAcKVxMM3KNYFq+iJ2i1rwiG53Z8M4mTn3Qxrm17uH1D4Q==
  dependencies:
    jquery ">=1.8.0 <4.0.0"

"jquery@>=1.8.0 <4.0.0":
  version "3.6.0"
  resolved "https://registry.yarnpkg.com/jquery/-/jquery-3.6.0.tgz#c72a09f15c1bdce142f49dbf1170bdf8adac2470"
  integrity sha512-JVzAR/AjBvVt2BmYhxRCSYysDsPcssdmTFnzyLEts9qNwmjmu4JTAMYubEfwVOSwpQ1I1sKKFcxhZCI2buerfw==

jquery@^2.1.0:
  version "2.2.4"
  resolved "https://registry.yarnpkg.com/jquery/-/jquery-2.2.4.tgz#2c89d6889b5eac522a7eea32c14521559c6cbf02"
  integrity sha1-LInWiJterFIqfuoywUUhVZxsvwI=

"js-tokens@^3.0.0 || ^4.0.0":
  version "4.0.0"
  resolved "https://registry.yarnpkg.com/js-tokens/-/js-tokens-4.0.0.tgz#19203fb59991df98e3a287050d4647cdeaf32499"
  integrity sha512-RdJUflcE3cUzKiMqQgsCu06FPu9UdIJO0beYbPhHN4k6apgJtifcoCtT9bcxOpYBtpD2kCM6Sbzg4CausW/PKQ==

knockout@^3.5.1:
  version "3.5.1"
  resolved "https://registry.yarnpkg.com/knockout/-/knockout-3.5.1.tgz#62c81e81843bea2008fd23c575edd9ca978e75cf"
  integrity sha512-wRJ9I4az0QcsH7A4v4l0enUpkS++MBx0BnL/68KaLzJg7x1qmbjSlwEoCNol7KTYZ+pmtI7Eh2J0Nu6/2Z5J/Q==

ky@^0.19.0:
  version "0.19.0"
  resolved "https://registry.yarnpkg.com/ky/-/ky-0.19.0.tgz#d6ad117e89efe2d85a1c2e91462d48ca1cda1f7a"
  integrity sha512-RkDgbg5ahMv1MjHfJI2WJA2+Qbxq0iNSLWhreYiCHeHry9Q12sedCnP5KYGPt7sydDvsyH+8UcG6Kanq5mpsyw==

literallycanvas@^0.5.2:
  version "0.5.2"
  resolved "https://registry.yarnpkg.com/literallycanvas/-/literallycanvas-0.5.2.tgz#7d4800a8d9c4b38a593e91695d52466689586abd"
  integrity sha512-SPxZ0DfzUWOXBPnsFD/Y1OulGKpv33IKGB+DCoUkNKQsc38kRDy1mGjbWbs/JAAyIGM1C9Y0CYI23SQmtXR5aw==
  dependencies:
    react-addons-pure-render-mixin "^15.1"

loose-envify@^1.0.0, loose-envify@^1.1.0, loose-envify@^1.3.1:
  version "1.4.0"
  resolved "https://registry.yarnpkg.com/loose-envify/-/loose-envify-1.4.0.tgz#71ee51fa7be4caec1a63839f7e682d8132d30caf"
  integrity sha512-lyuxPGr/Wfhrlem2CL/UcnUc1zcqKAImBDzukY7Y5F/yQiNdko6+fRLevlw1HgMySw7f611UIY408EtxRSoK3Q==
  dependencies:
    js-tokens "^3.0.0 || ^4.0.0"

monaco-editor@^0.20.0:
  version "0.20.0"
  resolved "https://registry.yarnpkg.com/monaco-editor/-/monaco-editor-0.20.0.tgz#5d5009343a550124426cb4d965a4d27a348b4dea"
  integrity sha512-hkvf4EtPJRMQlPC3UbMoRs0vTAFAYdzFQ+gpMb8A+9znae1c43q8Mab9iVsgTcg/4PNiLGGn3SlDIa8uvK1FIQ==

msgpack-lite@^0.1.26:
  version "0.1.26"
  resolved "https://registry.yarnpkg.com/msgpack-lite/-/msgpack-lite-0.1.26.tgz#dd3c50b26f059f25e7edee3644418358e2a9ad89"
  integrity sha1-3TxQsm8FnyXn7e42REGDWOKprYk=
  dependencies:
    event-lite "^0.1.1"
    ieee754 "^1.1.8"
    int64-buffer "^0.1.9"
    isarray "^1.0.0"

node-fetch@^1.0.1:
  version "1.7.3"
  resolved "https://registry.yarnpkg.com/node-fetch/-/node-fetch-1.7.3.tgz#980f6f72d85211a5347c6b2bc18c5b84c3eb47ef"
  integrity sha512-NhZ4CsKx7cYm2vSrBAr2PvFOe6sWDf0UYLRqA6svUYg7+/TSfVAu49jYC4BvQ4Sms9SZgdqGBgroqfDhJdTyKQ==
  dependencies:
    encoding "^0.1.11"
    is-stream "^1.0.1"

object-assign@^4.1.0, object-assign@^4.1.1:
  version "4.1.1"
  resolved "https://registry.yarnpkg.com/object-assign/-/object-assign-4.1.1.tgz#2109adc7965887cfc05cbbd442cac8bfbb360863"
  integrity sha1-IQmtx5ZYh8/AXLvUQsrIv7s2CGM=

plotly.js-dist@^1.52.3:
  version "1.52.3"
  resolved "https://registry.yarnpkg.com/plotly.js-dist/-/plotly.js-dist-1.52.3.tgz#4c16c6da6adab6cdba169087b5005bdddbf10834"
  integrity sha512-kpuNwveRk6M/5cCW1ZgJTbMLD0bRZhJlLK0cUHVkTsP/PWKCVJqO3QiiqrypFGE/xEhWfHCY+YKAKjMmEbo4Gw==

popper.js@^1.14.5:
  version "1.16.1"
  resolved "https://registry.yarnpkg.com/popper.js/-/popper.js-1.16.1.tgz#2a223cb3dc7b6213d740e40372be40de43e65b1b"
  integrity sha512-Wb4p1J4zyFTbM+u6WuO4XstYx4Ky9Cewe4DWrel7B0w6VVICvPwdOpotjzcf6eD8TsckVnIMNONQyPIUFOUbCQ==

promise@^7.1.1:
  version "7.3.1"
  resolved "https://registry.yarnpkg.com/promise/-/promise-7.3.1.tgz#064b72602b18f90f29192b8b1bc418ffd1ebd3bf"
  integrity sha512-nolQXZ/4L+bP/UGlkfaIujX9BKxGwmQ9OT4mOt5yvy8iK1h3wqTEJCijzGANTCCl9nWjY41juyAn2K3Q1hLLTg==
  dependencies:
    asap "~2.0.3"

react-addons-pure-render-mixin@^15.1:
  version "15.6.3"
  resolved "https://registry.yarnpkg.com/react-addons-pure-render-mixin/-/react-addons-pure-render-mixin-15.6.3.tgz#5dc73af0fa32186dbc4887f20667b46d3f9caed7"
  integrity sha512-e7F2OsLiyYGr9SHWHGlI/FfHRh+kbYx0hNfdN5zivHIf4vzeno7gsRJKXg71E35CpUCnre+JfM6UgWWgsvJBzA==
  dependencies:
    object-assign "^4.1.0"

react-dom-factories@^1.0.2:
  version "1.0.2"
  resolved "https://registry.yarnpkg.com/react-dom-factories/-/react-dom-factories-1.0.2.tgz#eb7705c4db36fb501b3aa38ff759616aa0ff96e0"
  integrity sha1-63cFxNs2+1AbOqOP91lhaqD/luA=

react-dom@15.1:
  version "15.1.0"
  resolved "https://registry.yarnpkg.com/react-dom/-/react-dom-15.1.0.tgz#d0c2b24c8b47a41a2b9ec766662d4e686f353153"
  integrity sha1-0MKyTItHpBornsdmZi1OaG81MVM=

react@15.1:
  version "15.1.0"
  resolved "https://registry.yarnpkg.com/react/-/react-15.1.0.tgz#5f7a9f085a00509898efd2b24cb12ea1dfaf8b40"
  integrity sha1-X3qfCFoAUJiY79KyTLEuod+vi0A=
  dependencies:
    fbjs "^0.8.0"
    loose-envify "^1.1.0"
    object-assign "^4.1.0"

requirejs@^2.3.6:
  version "2.3.6"
  resolved "https://registry.yarnpkg.com/requirejs/-/requirejs-2.3.6.tgz#e5093d9601c2829251258c0b9445d4d19fa9e7c9"
  integrity sha512-ipEzlWQe6RK3jkzikgCupiTbTvm4S0/CAU5GlgptkN5SO6F3u0UD0K18wy6ErDqiCyP4J4YYe1HuAShvsxePLg==

"safer-buffer@>= 2.1.2 < 3.0.0":
  version "2.1.2"
  resolved "https://registry.yarnpkg.com/safer-buffer/-/safer-buffer-2.1.2.tgz#44fa161b0187b9549dd84bb91802f9bd8385cd6a"
  integrity sha512-YZo3K82SD7Riyi0E1EQPojLz7kpepnSQI9IyPbHHg1XXXevb5dJI7tpyN2ADxGcQbHG7vcyRHk0cbwqcQriUtg==

setimmediate@^1.0.5:
  version "1.0.5"
  resolved "https://registry.yarnpkg.com/setimmediate/-/setimmediate-1.0.5.tgz#290cbb232e306942d7d7ea9b83732ab7856f8285"
  integrity sha1-KQy7Iy4waULX1+qbg3Mqt4VvgoU=

skatejs-template-html@0.0.0:
  version "0.0.0"
  resolved "https://registry.yarnpkg.com/skatejs-template-html/-/skatejs-template-html-0.0.0.tgz#e990c1a7d4b58b7305ffcc3338939bf402023df7"
  integrity sha1-6ZDBp9S1i3MF/8wzOJOb9AICPfc=

skatejs@0.13.17:
  version "0.13.17"
  resolved "https://registry.yarnpkg.com/skatejs/-/skatejs-0.13.17.tgz#7a21fbb3434da45e52b47b61647168ee9e778071"
  integrity sha1-eiH7s0NNpF5StHthZHFo7p53gHE=

soundjs@^1.0.1:
  version "1.0.1"
  resolved "https://registry.yarnpkg.com/soundjs/-/soundjs-1.0.1.tgz#99970542d28d0df2a1ebd061ae75c961a98c8180"
  integrity sha512-MgFPvmKYfpcNiE3X5XybNvScie3DMQlZgmNzUn4puBcpw64f4LqjH/fhM8Sb/eTJ8hK57Crr7mWy0bfJOqPj6Q==

textfit@^2.4.0:
  version "2.4.0"
  resolved "https://registry.yarnpkg.com/textfit/-/textfit-2.4.0.tgz#80cba8006bfb9c3d9d552739257957bdda95c79c"
  integrity sha512-/x4aoY5+/tJmu+iwpBH1yw75TFp86M6X15SvaaY/Eep7YySQYtqdOifEtfvVyMwzl7SZ+G4RQw00FD9g5R6i1Q==

trim-extra-html-whitespace@1.3.0:
  version "1.3.0"
  resolved "https://registry.yarnpkg.com/trim-extra-html-whitespace/-/trim-extra-html-whitespace-1.3.0.tgz#b47efb0d1a5f2a56a85cc45cea525651e93404cf"
  integrity sha1-tH77DRpfKlaoXMRc6lJWUek0BM8=

ua-parser-js@^0.7.18:
  version "0.7.28"
  resolved "https://registry.yarnpkg.com/ua-parser-js/-/ua-parser-js-0.7.28.tgz#8ba04e653f35ce210239c64661685bf9121dec31"
  integrity sha512-6Gurc1n//gjp9eQNXjD9O3M/sMwVtN5S8Lv9bvOYBfKfDNiIIhqiyi01vMBO45u4zkDE420w/e0se7Vs+sIg+g==

umbrellajs@^3.1.0:
  version "3.1.0"
  resolved "https://registry.yarnpkg.com/umbrellajs/-/umbrellajs-3.1.0.tgz#a4e6f0f6381f9d93110b5eee962e0e0864b10bd0"
  integrity sha512-3qichMg1Q6EetLweBAT0L55O2W6CJe9qyiSt1RBnf+bcOqwJ4R7e2PDcoIUrCsg+uRo3DXOvurWdklBu0ia7fg==

underscore@>=1.8.3, underscore@^1.9.1:
  version "1.13.1"
  resolved "https://registry.yarnpkg.com/underscore/-/underscore-1.13.1.tgz#0c1c6bd2df54b6b69f2314066d65b6cde6fcf9d1"
  integrity sha512-hzSoAVtJF+3ZtiFX0VgfFPHEDRm7Y/QPjGyNo4TVdnDTdft3tr8hEkD25a1jC+TjTuE7tkHGKkhwCgs9dgBB2g==

whatwg-fetch@>=0.10.0:
  version "3.6.2"
  resolved "https://registry.yarnpkg.com/whatwg-fetch/-/whatwg-fetch-3.6.2.tgz#dced24f37f2624ed0281725d51d0e2e3fe677f8c"
  integrity sha512-bJlen0FcuU/0EMLrdbJ7zOnW6ITZLrZMIarMUVmdKtsGvZna8vxKYaexICWPfZ8qwf9fzNq+UEIZrnSaApt6RA==
